// !$*UTF8*$!
{
	archiveVersion = 1;
	classes = {
	};
	objectVersion = 46;
	objects = {

/* Begin PBXBuildFile section */
		807A34164D68665D90339F9C /* libPods-transmissions.a in Frameworks */ = {isa = PBXBuildFile; fileRef = 7C55BBDAD640F1501E5E8411 /* libPods-transmissions.a */; };
		8E05E4DB19AD233A00CFE7CA /* Foundation.framework in Frameworks */ = {isa = PBXBuildFile; fileRef = 8E05E4DA19AD233A00CFE7CA /* Foundation.framework */; };
		8E05E4DD19AD233A00CFE7CA /* CoreGraphics.framework in Frameworks */ = {isa = PBXBuildFile; fileRef = 8E05E4DC19AD233A00CFE7CA /* CoreGraphics.framework */; };
		8E05E4DF19AD233A00CFE7CA /* UIKit.framework in Frameworks */ = {isa = PBXBuildFile; fileRef = 8E05E4DE19AD233A00CFE7CA /* UIKit.framework */; };
		8E05E4F419AD233A00CFE7CA /* XCTest.framework in Frameworks */ = {isa = PBXBuildFile; fileRef = 8E05E4F319AD233A00CFE7CA /* XCTest.framework */; };
		8E05E4F519AD233A00CFE7CA /* Foundation.framework in Frameworks */ = {isa = PBXBuildFile; fileRef = 8E05E4DA19AD233A00CFE7CA /* Foundation.framework */; };
		8E05E4F619AD233A00CFE7CA /* UIKit.framework in Frameworks */ = {isa = PBXBuildFile; fileRef = 8E05E4DE19AD233A00CFE7CA /* UIKit.framework */; };
		8E05E50D19AD2DE300CFE7CA /* AudioToolbox.framework in Frameworks */ = {isa = PBXBuildFile; fileRef = 8E05E50C19AD2DE300CFE7CA /* AudioToolbox.framework */; };
		8E33BEEA19DA0FA70029D3B1 /* Orbitron-Black.ttf in Resources */ = {isa = PBXBuildFile; fileRef = 8E33BEE519DA0FA70029D3B1 /* Orbitron-Black.ttf */; };
		8E33BEEB19DA0FA70029D3B1 /* Orbitron-Bold.ttf in Resources */ = {isa = PBXBuildFile; fileRef = 8E33BEE619DA0FA70029D3B1 /* Orbitron-Bold.ttf */; };
		8E33BEEC19DA0FA70029D3B1 /* Orbitron-Medium.ttf in Resources */ = {isa = PBXBuildFile; fileRef = 8E33BEE719DA0FA70029D3B1 /* Orbitron-Medium.ttf */; };
		8E33BEED19DA0FA70029D3B1 /* Orbitron-Regular.ttf in Resources */ = {isa = PBXBuildFile; fileRef = 8E33BEE819DA0FA70029D3B1 /* Orbitron-Regular.ttf */; };
		8E33BEF019DA1E040029D3B1 /* SpecialElite.ttf in Resources */ = {isa = PBXBuildFile; fileRef = 8E33BEEF19DA1D360029D3B1 /* SpecialElite.ttf */; };
		8EEE29B51EC7B8B800BD4C04 /* AppDelegate.m in Sources */ = {isa = PBXBuildFile; fileRef = 8EEE29A71EC7B8B800BD4C04 /* AppDelegate.m */; };
		8EEE29B61EC7B8B800BD4C04 /* InfoPlist.strings in Resources */ = {isa = PBXBuildFile; fileRef = 8EEE29A81EC7B8B800BD4C04 /* InfoPlist.strings */; };
		8EEE29B71EC7B8B800BD4C04 /* Images.xcassets in Resources */ = {isa = PBXBuildFile; fileRef = 8EEE29AA1EC7B8B800BD4C04 /* Images.xcassets */; };
		8EEE29B81EC7B8B800BD4C04 /* main.m in Sources */ = {isa = PBXBuildFile; fileRef = 8EEE29AB1EC7B8B800BD4C04 /* main.m */; };
		8EEE29B91EC7B8B800BD4C04 /* TMAboutViewController.m in Sources */ = {isa = PBXBuildFile; fileRef = 8EEE29AD1EC7B8B800BD4C04 /* TMAboutViewController.m */; };
		8EEE29BA1EC7B8B800BD4C04 /* TMConstants.m in Sources */ = {isa = PBXBuildFile; fileRef = 8EEE29AF1EC7B8B800BD4C04 /* TMConstants.m */; };
		8EEE29BB1EC7B8B800BD4C04 /* TMOscillator.m in Sources */ = {isa = PBXBuildFile; fileRef = 8EEE29B11EC7B8B800BD4C04 /* TMOscillator.m */; };
		8EEE29BC1EC7B8B800BD4C04 /* transmissions-Info.plist in Resources */ = {isa = PBXBuildFile; fileRef = 8EEE29B21EC7B8B800BD4C04 /* transmissions-Info.plist */; };
		8EEE29BF1EC7B8D500BD4C04 /* TransmissionMainViewController.m in Sources */ = {isa = PBXBuildFile; fileRef = 8EEE29BE1EC7B8D500BD4C04 /* TransmissionMainViewController.m */; };
		8EF550B819DB263800D820BF /* AppIcon-iPad@1x.png in Resources */ = {isa = PBXBuildFile; fileRef = 8EF550B319DB263800D820BF /* AppIcon-iPad@1x.png */; };
		8EF550B919DB263800D820BF /* AppIcon-iPad@2x.png in Resources */ = {isa = PBXBuildFile; fileRef = 8EF550B419DB263800D820BF /* AppIcon-iPad@2x.png */; };
		8EF550BA19DB263800D820BF /* AppIcon@2x.png in Resources */ = {isa = PBXBuildFile; fileRef = 8EF550B519DB263800D820BF /* AppIcon@2x.png */; };
		8EF550BB19DB263800D820BF /* AppIcon@3x.png in Resources */ = {isa = PBXBuildFile; fileRef = 8EF550B619DB263800D820BF /* AppIcon@3x.png */; };
		8EF550BC19DB263800D820BF /* AppStoreAppIcon.png in Resources */ = {isa = PBXBuildFile; fileRef = 8EF550B719DB263800D820BF /* AppStoreAppIcon.png */; };
/* End PBXBuildFile section */

/* Begin PBXContainerItemProxy section */
		8E05E4F719AD233A00CFE7CA /* PBXContainerItemProxy */ = {
			isa = PBXContainerItemProxy;
			containerPortal = 8E05E4CF19AD233A00CFE7CA /* Project object */;
			proxyType = 1;
			remoteGlobalIDString = 8E05E4D619AD233A00CFE7CA;
			remoteInfo = "transmission-ios";
		};
/* End PBXContainerItemProxy section */

/* Begin PBXFileReference section */
		5DBF2297D64B5C74ADD6277C /* Pods-transmissions.release.xcconfig */ = {isa = PBXFileReference; includeInIndex = 1; lastKnownFileType = text.xcconfig; name = "Pods-transmissions.release.xcconfig"; path = "Pods/Target Support Files/Pods-transmissions/Pods-transmissions.release.xcconfig"; sourceTree = "<group>"; };
		7C55BBDAD640F1501E5E8411 /* libPods-transmissions.a */ = {isa = PBXFileReference; explicitFileType = archive.ar; includeInIndex = 0; path = "libPods-transmissions.a"; sourceTree = BUILT_PRODUCTS_DIR; };
		7DD3B3F9C7B3723BBB854E0E /* Pods-transmissions.debug.xcconfig */ = {isa = PBXFileReference; includeInIndex = 1; lastKnownFileType = text.xcconfig; name = "Pods-transmissions.debug.xcconfig"; path = "Pods/Target Support Files/Pods-transmissions/Pods-transmissions.debug.xcconfig"; sourceTree = "<group>"; };
		8E05E4D719AD233A00CFE7CA /* transmissions.app */ = {isa = PBXFileReference; explicitFileType = wrapper.application; includeInIndex = 0; path = transmissions.app; sourceTree = BUILT_PRODUCTS_DIR; };
		8E05E4DA19AD233A00CFE7CA /* Foundation.framework */ = {isa = PBXFileReference; lastKnownFileType = wrapper.framework; name = Foundation.framework; path = System/Library/Frameworks/Foundation.framework; sourceTree = SDKROOT; };
		8E05E4DC19AD233A00CFE7CA /* CoreGraphics.framework */ = {isa = PBXFileReference; lastKnownFileType = wrapper.framework; name = CoreGraphics.framework; path = System/Library/Frameworks/CoreGraphics.framework; sourceTree = SDKROOT; };
		8E05E4DE19AD233A00CFE7CA /* UIKit.framework */ = {isa = PBXFileReference; lastKnownFileType = wrapper.framework; name = UIKit.framework; path = System/Library/Frameworks/UIKit.framework; sourceTree = SDKROOT; };
		8E05E4F219AD233A00CFE7CA /* transmissionsTests.xctest */ = {isa = PBXFileReference; explicitFileType = wrapper.cfbundle; includeInIndex = 0; path = transmissionsTests.xctest; sourceTree = BUILT_PRODUCTS_DIR; };
		8E05E4F319AD233A00CFE7CA /* XCTest.framework */ = {isa = PBXFileReference; lastKnownFileType = wrapper.framework; name = XCTest.framework; path = Library/Frameworks/XCTest.framework; sourceTree = DEVELOPER_DIR; };
		8E05E50C19AD2DE300CFE7CA /* AudioToolbox.framework */ = {isa = PBXFileReference; lastKnownFileType = wrapper.framework; name = AudioToolbox.framework; path = System/Library/Frameworks/AudioToolbox.framework; sourceTree = SDKROOT; };
		8E33BEE519DA0FA70029D3B1 /* Orbitron-Black.ttf */ = {isa = PBXFileReference; lastKnownFileType = file; path = "Orbitron-Black.ttf"; sourceTree = "<group>"; };
		8E33BEE619DA0FA70029D3B1 /* Orbitron-Bold.ttf */ = {isa = PBXFileReference; lastKnownFileType = file; path = "Orbitron-Bold.ttf"; sourceTree = "<group>"; };
		8E33BEE719DA0FA70029D3B1 /* Orbitron-Medium.ttf */ = {isa = PBXFileReference; lastKnownFileType = file; path = "Orbitron-Medium.ttf"; sourceTree = "<group>"; };
		8E33BEE819DA0FA70029D3B1 /* Orbitron-Regular.ttf */ = {isa = PBXFileReference; lastKnownFileType = file; path = "Orbitron-Regular.ttf"; sourceTree = "<group>"; };
		8E33BEEF19DA1D360029D3B1 /* SpecialElite.ttf */ = {isa = PBXFileReference; lastKnownFileType = file; path = SpecialElite.ttf; sourceTree = "<group>"; };
		8EEE29A61EC7B8B800BD4C04 /* AppDelegate.h */ = {isa = PBXFileReference; fileEncoding = 4; lastKnownFileType = sourcecode.c.h; path = AppDelegate.h; sourceTree = "<group>"; };
		8EEE29A71EC7B8B800BD4C04 /* AppDelegate.m */ = {isa = PBXFileReference; fileEncoding = 4; lastKnownFileType = sourcecode.c.objc; path = AppDelegate.m; sourceTree = "<group>"; };
		8EEE29A91EC7B8B800BD4C04 /* en */ = {isa = PBXFileReference; lastKnownFileType = text.plist.strings; name = en; path = en.lproj/InfoPlist.strings; sourceTree = "<group>"; };
		8EEE29AA1EC7B8B800BD4C04 /* Images.xcassets */ = {isa = PBXFileReference; lastKnownFileType = folder.assetcatalog; path = Images.xcassets; sourceTree = "<group>"; };
		8EEE29AB1EC7B8B800BD4C04 /* main.m */ = {isa = PBXFileReference; fileEncoding = 4; lastKnownFileType = sourcecode.c.objc; path = main.m; sourceTree = "<group>"; };
		8EEE29AC1EC7B8B800BD4C04 /* TMAboutViewController.h */ = {isa = PBXFileReference; fileEncoding = 4; lastKnownFileType = sourcecode.c.h; path = TMAboutViewController.h; sourceTree = "<group>"; };
		8EEE29AD1EC7B8B800BD4C04 /* TMAboutViewController.m */ = {isa = PBXFileReference; fileEncoding = 4; lastKnownFileType = sourcecode.c.objc; path = TMAboutViewController.m; sourceTree = "<group>"; };
		8EEE29AE1EC7B8B800BD4C04 /* TMConstants.h */ = {isa = PBXFileReference; fileEncoding = 4; lastKnownFileType = sourcecode.c.h; path = TMConstants.h; sourceTree = "<group>"; };
		8EEE29AF1EC7B8B800BD4C04 /* TMConstants.m */ = {isa = PBXFileReference; fileEncoding = 4; lastKnownFileType = sourcecode.c.objc; path = TMConstants.m; sourceTree = "<group>"; };
		8EEE29B01EC7B8B800BD4C04 /* TMOscillator.h */ = {isa = PBXFileReference; fileEncoding = 4; lastKnownFileType = sourcecode.c.h; path = TMOscillator.h; sourceTree = "<group>"; };
		8EEE29B11EC7B8B800BD4C04 /* TMOscillator.m */ = {isa = PBXFileReference; fileEncoding = 4; lastKnownFileType = sourcecode.c.objc; path = TMOscillator.m; sourceTree = "<group>"; };
		8EEE29B21EC7B8B800BD4C04 /* transmissions-Info.plist */ = {isa = PBXFileReference; fileEncoding = 4; lastKnownFileType = text.plist.xml; path = "transmissions-Info.plist"; sourceTree = "<group>"; };
		8EEE29B31EC7B8B800BD4C04 /* transmissions-Prefix.pch */ = {isa = PBXFileReference; fileEncoding = 4; lastKnownFileType = sourcecode.c.h; path = "transmissions-Prefix.pch"; sourceTree = "<group>"; };
		8EEE29B41EC7B8B800BD4C04 /* transmissions.entitlements */ = {isa = PBXFileReference; fileEncoding = 4; lastKnownFileType = text.plist.entitlements; path = transmissions.entitlements; sourceTree = "<group>"; };
		8EEE29BD1EC7B8D500BD4C04 /* TransmissionMainViewController.h */ = {isa = PBXFileReference; fileEncoding = 4; lastKnownFileType = sourcecode.c.h; path = TransmissionMainViewController.h; sourceTree = "<group>"; };
		8EEE29BE1EC7B8D500BD4C04 /* TransmissionMainViewController.m */ = {isa = PBXFileReference; fileEncoding = 4; lastKnownFileType = sourcecode.c.objc; path = TransmissionMainViewController.m; sourceTree = "<group>"; };
		8EF550B319DB263800D820BF /* AppIcon-iPad@1x.png */ = {isa = PBXFileReference; lastKnownFileType = image.png; path = "AppIcon-iPad@1x.png"; sourceTree = "<group>"; };
		8EF550B419DB263800D820BF /* AppIcon-iPad@2x.png */ = {isa = PBXFileReference; lastKnownFileType = image.png; path = "AppIcon-iPad@2x.png"; sourceTree = "<group>"; };
		8EF550B519DB263800D820BF /* AppIcon@2x.png */ = {isa = PBXFileReference; lastKnownFileType = image.png; path = "AppIcon@2x.png"; sourceTree = "<group>"; };
		8EF550B619DB263800D820BF /* AppIcon@3x.png */ = {isa = PBXFileReference; lastKnownFileType = image.png; path = "AppIcon@3x.png"; sourceTree = "<group>"; };
		8EF550B719DB263800D820BF /* AppStoreAppIcon.png */ = {isa = PBXFileReference; lastKnownFileType = image.png; path = AppStoreAppIcon.png; sourceTree = "<group>"; };
/* End PBXFileReference section */

/* Begin PBXFrameworksBuildPhase section */
		8E05E4D419AD233A00CFE7CA /* Frameworks */ = {
			isa = PBXFrameworksBuildPhase;
			buildActionMask = 2147483647;
			files = (
				8E05E50D19AD2DE300CFE7CA /* AudioToolbox.framework in Frameworks */,
				8E05E4DD19AD233A00CFE7CA /* CoreGraphics.framework in Frameworks */,
				8E05E4DF19AD233A00CFE7CA /* UIKit.framework in Frameworks */,
				8E05E4DB19AD233A00CFE7CA /* Foundation.framework in Frameworks */,
				807A34164D68665D90339F9C /* libPods-transmissions.a in Frameworks */,
			);
			runOnlyForDeploymentPostprocessing = 0;
		};
		8E05E4EF19AD233A00CFE7CA /* Frameworks */ = {
			isa = PBXFrameworksBuildPhase;
			buildActionMask = 2147483647;
			files = (
				8E05E4F419AD233A00CFE7CA /* XCTest.framework in Frameworks */,
				8E05E4F619AD233A00CFE7CA /* UIKit.framework in Frameworks */,
				8E05E4F519AD233A00CFE7CA /* Foundation.framework in Frameworks */,
			);
			runOnlyForDeploymentPostprocessing = 0;
		};
/* End PBXFrameworksBuildPhase section */

/* Begin PBXGroup section */
		8E05E4CE19AD233A00CFE7CA = {
			isa = PBXGroup;
			children = (
				8EEE29BD1EC7B8D500BD4C04 /* TransmissionMainViewController.h */,
				8EEE29BE1EC7B8D500BD4C04 /* TransmissionMainViewController.m */,
				8EEE29A51EC7B8B800BD4C04 /* transmissions */,
				8E05E4D919AD233A00CFE7CA /* Frameworks */,
				8E05E4D819AD233A00CFE7CA /* Products */,
				8E33BEE319DA0FA70029D3B1 /* assets */,
				E4864D918D1700AA3923D47D /* Pods */,
			);
			sourceTree = "<group>";
		};
		8E05E4D819AD233A00CFE7CA /* Products */ = {
			isa = PBXGroup;
			children = (
				8E05E4D719AD233A00CFE7CA /* transmissions.app */,
				8E05E4F219AD233A00CFE7CA /* transmissionsTests.xctest */,
			);
			name = Products;
			sourceTree = "<group>";
		};
		8E05E4D919AD233A00CFE7CA /* Frameworks */ = {
			isa = PBXGroup;
			children = (
				8E05E50C19AD2DE300CFE7CA /* AudioToolbox.framework */,
				8E05E4DA19AD233A00CFE7CA /* Foundation.framework */,
				8E05E4DC19AD233A00CFE7CA /* CoreGraphics.framework */,
				8E05E4DE19AD233A00CFE7CA /* UIKit.framework */,
				8E05E4F319AD233A00CFE7CA /* XCTest.framework */,
				7C55BBDAD640F1501E5E8411 /* libPods-transmissions.a */,
			);
			name = Frameworks;
			sourceTree = "<group>";
		};
		8E33BEE319DA0FA70029D3B1 /* assets */ = {
			isa = PBXGroup;
			children = (
				8EF550B219DB25FD00D820BF /* appicons */,
				8E33BEE419DA0FA70029D3B1 /* fonts */,
			);
			path = assets;
			sourceTree = "<group>";
		};
		8E33BEE419DA0FA70029D3B1 /* fonts */ = {
			isa = PBXGroup;
			children = (
				8E33BEEF19DA1D360029D3B1 /* SpecialElite.ttf */,
				8E33BEE519DA0FA70029D3B1 /* Orbitron-Black.ttf */,
				8E33BEE619DA0FA70029D3B1 /* Orbitron-Bold.ttf */,
				8E33BEE719DA0FA70029D3B1 /* Orbitron-Medium.ttf */,
				8E33BEE819DA0FA70029D3B1 /* Orbitron-Regular.ttf */,
			);
			path = fonts;
			sourceTree = "<group>";
		};
		8EEE29A51EC7B8B800BD4C04 /* transmissions */ = {
			isa = PBXGroup;
			children = (
				8EEE29A61EC7B8B800BD4C04 /* AppDelegate.h */,
				8EEE29A71EC7B8B800BD4C04 /* AppDelegate.m */,
				8EEE29A81EC7B8B800BD4C04 /* InfoPlist.strings */,
				8EEE29AA1EC7B8B800BD4C04 /* Images.xcassets */,
				8EEE29AB1EC7B8B800BD4C04 /* main.m */,
				8EEE29AC1EC7B8B800BD4C04 /* TMAboutViewController.h */,
				8EEE29AD1EC7B8B800BD4C04 /* TMAboutViewController.m */,
				8EEE29AE1EC7B8B800BD4C04 /* TMConstants.h */,
				8EEE29AF1EC7B8B800BD4C04 /* TMConstants.m */,
				8EEE29B01EC7B8B800BD4C04 /* TMOscillator.h */,
				8EEE29B11EC7B8B800BD4C04 /* TMOscillator.m */,
				8EEE29B21EC7B8B800BD4C04 /* transmissions-Info.plist */,
				8EEE29B31EC7B8B800BD4C04 /* transmissions-Prefix.pch */,
				8EEE29B41EC7B8B800BD4C04 /* transmissions.entitlements */,
			);
			path = transmissions;
			sourceTree = "<group>";
		};
		8EF550B219DB25FD00D820BF /* appicons */ = {
			isa = PBXGroup;
			children = (
				8EF550B319DB263800D820BF /* AppIcon-iPad@1x.png */,
				8EF550B419DB263800D820BF /* AppIcon-iPad@2x.png */,
				8EF550B519DB263800D820BF /* AppIcon@2x.png */,
				8EF550B619DB263800D820BF /* AppIcon@3x.png */,
				8EF550B719DB263800D820BF /* AppStoreAppIcon.png */,
			);
			path = appicons;
			sourceTree = "<group>";
		};
		E4864D918D1700AA3923D47D /* Pods */ = {
			isa = PBXGroup;
			children = (
				7DD3B3F9C7B3723BBB854E0E /* Pods-transmissions.debug.xcconfig */,
				5DBF2297D64B5C74ADD6277C /* Pods-transmissions.release.xcconfig */,
			);
			name = Pods;
			sourceTree = "<group>";
		};
/* End PBXGroup section */

/* Begin PBXNativeTarget section */
		8E05E4D619AD233A00CFE7CA /* transmissions */ = {
			isa = PBXNativeTarget;
			buildConfigurationList = 8E05E50319AD233A00CFE7CA /* Build configuration list for PBXNativeTarget "transmissions" */;
			buildPhases = (
				929D6B60D21E30CAED5D2D58 /* [CP] Check Pods Manifest.lock */,
				8E05E4D319AD233A00CFE7CA /* Sources */,
				8E05E4D419AD233A00CFE7CA /* Frameworks */,
				8E05E4D519AD233A00CFE7CA /* Resources */,
				8EF4BC461EF21147005C057A /* ShellScript */,
				45DAFAA9A05AAFFDE5EF21DD /* [CP] Embed Pods Frameworks */,
				1E218381ADF44A0819FFBF6E /* [CP] Copy Pods Resources */,
			);
			buildRules = (
			);
			dependencies = (
			);
			name = transmissions;
			productName = "transmission-ios";
			productReference = 8E05E4D719AD233A00CFE7CA /* transmissions.app */;
			productType = "com.apple.product-type.application";
		};
		8E05E4F119AD233A00CFE7CA /* transmissionsTests */ = {
			isa = PBXNativeTarget;
			buildConfigurationList = 8E05E50619AD233A00CFE7CA /* Build configuration list for PBXNativeTarget "transmissionsTests" */;
			buildPhases = (
				8E05E4EE19AD233A00CFE7CA /* Sources */,
				8E05E4EF19AD233A00CFE7CA /* Frameworks */,
				8E05E4F019AD233A00CFE7CA /* Resources */,
			);
			buildRules = (
			);
			dependencies = (
				8E05E4F819AD233A00CFE7CA /* PBXTargetDependency */,
			);
			name = transmissionsTests;
			productName = "transmission-iosTests";
			productReference = 8E05E4F219AD233A00CFE7CA /* transmissionsTests.xctest */;
			productType = "com.apple.product-type.bundle.unit-test";
		};
/* End PBXNativeTarget section */

/* Begin PBXProject section */
		8E05E4CF19AD233A00CFE7CA /* Project object */ = {
			isa = PBXProject;
			attributes = {
				LastUpgradeCheck = 0820;
				ORGANIZATIONNAME = "Johann Diedrick";
				TargetAttributes = {
					8E05E4D619AD233A00CFE7CA = {
						DevelopmentTeam = 4C67C3U5UP;
						SystemCapabilities = {
							com.apple.BackgroundModes = {
								enabled = 1;
							};
							com.apple.InterAppAudio = {
								enabled = 1;
							};
						};
					};
					8E05E4F119AD233A00CFE7CA = {
						TestTargetID = 8E05E4D619AD233A00CFE7CA;
					};
				};
			};
			buildConfigurationList = 8E05E4D219AD233A00CFE7CA /* Build configuration list for PBXProject "transmissions" */;
			compatibilityVersion = "Xcode 3.2";
			developmentRegion = English;
			hasScannedForEncodings = 0;
			knownRegions = (
				en,
			);
			mainGroup = 8E05E4CE19AD233A00CFE7CA;
			productRefGroup = 8E05E4D819AD233A00CFE7CA /* Products */;
			projectDirPath = "";
			projectRoot = "";
			targets = (
				8E05E4D619AD233A00CFE7CA /* transmissions */,
				8E05E4F119AD233A00CFE7CA /* transmissionsTests */,
			);
		};
/* End PBXProject section */

/* Begin PBXResourcesBuildPhase section */
		8E05E4D519AD233A00CFE7CA /* Resources */ = {
			isa = PBXResourcesBuildPhase;
			buildActionMask = 2147483647;
			files = (
				8E33BEF019DA1E040029D3B1 /* SpecialElite.ttf in Resources */,
				8EF550BA19DB263800D820BF /* AppIcon@2x.png in Resources */,
				8EF550BB19DB263800D820BF /* AppIcon@3x.png in Resources */,
				8EEE29B61EC7B8B800BD4C04 /* InfoPlist.strings in Resources */,
				8E33BEEB19DA0FA70029D3B1 /* Orbitron-Bold.ttf in Resources */,
				8E33BEEA19DA0FA70029D3B1 /* Orbitron-Black.ttf in Resources */,
				8EEE29BC1EC7B8B800BD4C04 /* transmissions-Info.plist in Resources */,
				8E33BEEC19DA0FA70029D3B1 /* Orbitron-Medium.ttf in Resources */,
				8EF550B919DB263800D820BF /* AppIcon-iPad@2x.png in Resources */,
				8EEE29B71EC7B8B800BD4C04 /* Images.xcassets in Resources */,
				8EF550BC19DB263800D820BF /* AppStoreAppIcon.png in Resources */,
				8E33BEED19DA0FA70029D3B1 /* Orbitron-Regular.ttf in Resources */,
				8EF550B819DB263800D820BF /* AppIcon-iPad@1x.png in Resources */,
			);
			runOnlyForDeploymentPostprocessing = 0;
		};
		8E05E4F019AD233A00CFE7CA /* Resources */ = {
			isa = PBXResourcesBuildPhase;
			buildActionMask = 2147483647;
			files = (
			);
			runOnlyForDeploymentPostprocessing = 0;
		};
/* End PBXResourcesBuildPhase section */

/* Begin PBXShellScriptBuildPhase section */
		1E218381ADF44A0819FFBF6E /* [CP] Copy Pods Resources */ = {
			isa = PBXShellScriptBuildPhase;
			buildActionMask = 2147483647;
			files = (
			);
			inputPaths = (
			);
			name = "[CP] Copy Pods Resources";
			outputPaths = (
			);
			runOnlyForDeploymentPostprocessing = 0;
			shellPath = /bin/sh;
			shellScript = "\"${SRCROOT}/Pods/Target Support Files/Pods-transmissions/Pods-transmissions-resources.sh\"\n";
			showEnvVarsInLog = 0;
		};
		45DAFAA9A05AAFFDE5EF21DD /* [CP] Embed Pods Frameworks */ = {
			isa = PBXShellScriptBuildPhase;
			buildActionMask = 2147483647;
			files = (
			);
			inputPaths = (
			);
			name = "[CP] Embed Pods Frameworks";
			outputPaths = (
			);
			runOnlyForDeploymentPostprocessing = 0;
			shellPath = /bin/sh;
			shellScript = "\"${SRCROOT}/Pods/Target Support Files/Pods-transmissions/Pods-transmissions-frameworks.sh\"\n";
			showEnvVarsInLog = 0;
		};
		8EF4BC461EF21147005C057A /* ShellScript */ = {
			isa = PBXShellScriptBuildPhase;
			buildActionMask = 2147483647;
			files = (
			);
			inputPaths = (
			);
			outputPaths = (
			);
			runOnlyForDeploymentPostprocessing = 0;
			shellPath = /bin/sh;
			shellScript = "\"${PODS_ROOT}/Fabric/run\" 86201e6c2bf3c85ae75bdec4da5281649f6034d6 dede5ed447db02ee0cc4c6bd93574e897f80762776b739e460124f65fbd27ee6";
		};
		929D6B60D21E30CAED5D2D58 /* [CP] Check Pods Manifest.lock */ = {
			isa = PBXShellScriptBuildPhase;
			buildActionMask = 2147483647;
			files = (
			);
			inputPaths = (
			);
			name = "[CP] Check Pods Manifest.lock";
			outputPaths = (
			);
			runOnlyForDeploymentPostprocessing = 0;
			shellPath = /bin/sh;
			shellScript = "diff \"${PODS_PODFILE_DIR_PATH}/Podfile.lock\" \"${PODS_ROOT}/Manifest.lock\" > /dev/null\nif [ $? != 0 ] ; then\n    # print error to STDERR\n    echo \"error: The sandbox is not in sync with the Podfile.lock. Run 'pod install' or update your CocoaPods installation.\" >&2\n    exit 1\nfi\n";
			showEnvVarsInLog = 0;
		};
/* End PBXShellScriptBuildPhase section */

/* Begin PBXSourcesBuildPhase section */
		8E05E4D319AD233A00CFE7CA /* Sources */ = {
			isa = PBXSourcesBuildPhase;
			buildActionMask = 2147483647;
			files = (
				8EEE29BF1EC7B8D500BD4C04 /* TransmissionMainViewController.m in Sources */,
				8EEE29B81EC7B8B800BD4C04 /* main.m in Sources */,
				8EEE29B51EC7B8B800BD4C04 /* AppDelegate.m in Sources */,
				8EEE29BA1EC7B8B800BD4C04 /* TMConstants.m in Sources */,
				8EEE29BB1EC7B8B800BD4C04 /* TMOscillator.m in Sources */,
				8EEE29B91EC7B8B800BD4C04 /* TMAboutViewController.m in Sources */,
			);
			runOnlyForDeploymentPostprocessing = 0;
		};
		8E05E4EE19AD233A00CFE7CA /* Sources */ = {
			isa = PBXSourcesBuildPhase;
			buildActionMask = 2147483647;
			files = (
			);
			runOnlyForDeploymentPostprocessing = 0;
		};
/* End PBXSourcesBuildPhase section */

/* Begin PBXTargetDependency section */
		8E05E4F819AD233A00CFE7CA /* PBXTargetDependency */ = {
			isa = PBXTargetDependency;
			target = 8E05E4D619AD233A00CFE7CA /* transmissions */;
			targetProxy = 8E05E4F719AD233A00CFE7CA /* PBXContainerItemProxy */;
		};
/* End PBXTargetDependency section */

/* Begin PBXVariantGroup section */
		8EEE29A81EC7B8B800BD4C04 /* InfoPlist.strings */ = {
			isa = PBXVariantGroup;
			children = (
				8EEE29A91EC7B8B800BD4C04 /* en */,
			);
			name = InfoPlist.strings;
			sourceTree = "<group>";
		};
/* End PBXVariantGroup section */

/* Begin XCBuildConfiguration section */
		8E05E50119AD233A00CFE7CA /* Debug */ = {
			isa = XCBuildConfiguration;
			buildSettings = {
				ALWAYS_SEARCH_USER_PATHS = NO;
				CLANG_CXX_LANGUAGE_STANDARD = "gnu++0x";
				CLANG_CXX_LIBRARY = "libc++";
				CLANG_ENABLE_MODULES = YES;
				CLANG_ENABLE_OBJC_ARC = YES;
				CLANG_WARN_BOOL_CONVERSION = YES;
				CLANG_WARN_CONSTANT_CONVERSION = YES;
				CLANG_WARN_DIRECT_OBJC_ISA_USAGE = YES_ERROR;
				CLANG_WARN_EMPTY_BODY = YES;
				CLANG_WARN_ENUM_CONVERSION = YES;
				CLANG_WARN_INFINITE_RECURSION = YES;
				CLANG_WARN_INT_CONVERSION = YES;
				CLANG_WARN_OBJC_ROOT_CLASS = YES_ERROR;
				CLANG_WARN_SUSPICIOUS_MOVE = YES;
				CLANG_WARN_UNREACHABLE_CODE = YES;
				CLANG_WARN__DUPLICATE_METHOD_MATCH = YES;
				CODE_SIGN_IDENTITY = "iPhone Distribution: A Quiet Life LLC (4C67C3U5UP)";
				"CODE_SIGN_IDENTITY[sdk=iphoneos*]" = "iPhone Distribution: A Quiet Life LLC (4C67C3U5UP)";
				COPY_PHASE_STRIP = NO;
				ENABLE_STRICT_OBJC_MSGSEND = YES;
				ENABLE_TESTABILITY = YES;
				GCC_C_LANGUAGE_STANDARD = gnu99;
				GCC_DYNAMIC_NO_PIC = NO;
				GCC_NO_COMMON_BLOCKS = YES;
				GCC_OPTIMIZATION_LEVEL = 0;
				GCC_PREPROCESSOR_DEFINITIONS = (
					"DEBUG=1",
					"$(inherited)",
				);
				GCC_SYMBOLS_PRIVATE_EXTERN = NO;
				GCC_WARN_64_TO_32_BIT_CONVERSION = YES;
				GCC_WARN_ABOUT_RETURN_TYPE = YES_ERROR;
				GCC_WARN_UNDECLARED_SELECTOR = YES;
				GCC_WARN_UNINITIALIZED_AUTOS = YES_AGGRESSIVE;
				GCC_WARN_UNUSED_FUNCTION = YES;
				GCC_WARN_UNUSED_VARIABLE = YES;
				IPHONEOS_DEPLOYMENT_TARGET = 8.0;
				ONLY_ACTIVE_ARCH = YES;
				PROVISIONING_PROFILE = "abd056bb-e815-4365-b519-4ddeef39e1e9";
				SDKROOT = iphoneos;
				TARGETED_DEVICE_FAMILY = "1,2";
			};
			name = Debug;
		};
		8E05E50219AD233A00CFE7CA /* Release */ = {
			isa = XCBuildConfiguration;
			buildSettings = {
				ALWAYS_SEARCH_USER_PATHS = NO;
				CLANG_CXX_LANGUAGE_STANDARD = "gnu++0x";
				CLANG_CXX_LIBRARY = "libc++";
				CLANG_ENABLE_MODULES = YES;
				CLANG_ENABLE_OBJC_ARC = YES;
				CLANG_WARN_BOOL_CONVERSION = YES;
				CLANG_WARN_CONSTANT_CONVERSION = YES;
				CLANG_WARN_DIRECT_OBJC_ISA_USAGE = YES_ERROR;
				CLANG_WARN_EMPTY_BODY = YES;
				CLANG_WARN_ENUM_CONVERSION = YES;
				CLANG_WARN_INFINITE_RECURSION = YES;
				CLANG_WARN_INT_CONVERSION = YES;
				CLANG_WARN_OBJC_ROOT_CLASS = YES_ERROR;
				CLANG_WARN_SUSPICIOUS_MOVE = YES;
				CLANG_WARN_UNREACHABLE_CODE = YES;
				CLANG_WARN__DUPLICATE_METHOD_MATCH = YES;
				CODE_SIGN_IDENTITY = "iPhone Distribution: A Quiet Life LLC (4C67C3U5UP)";
				"CODE_SIGN_IDENTITY[sdk=iphoneos*]" = "iPhone Distribution: A Quiet Life LLC (4C67C3U5UP)";
				COPY_PHASE_STRIP = YES;
				ENABLE_NS_ASSERTIONS = NO;
				ENABLE_STRICT_OBJC_MSGSEND = YES;
				GCC_C_LANGUAGE_STANDARD = gnu99;
				GCC_NO_COMMON_BLOCKS = YES;
				GCC_WARN_64_TO_32_BIT_CONVERSION = YES;
				GCC_WARN_ABOUT_RETURN_TYPE = YES_ERROR;
				GCC_WARN_UNDECLARED_SELECTOR = YES;
				GCC_WARN_UNINITIALIZED_AUTOS = YES_AGGRESSIVE;
				GCC_WARN_UNUSED_FUNCTION = YES;
				GCC_WARN_UNUSED_VARIABLE = YES;
				IPHONEOS_DEPLOYMENT_TARGET = 8.0;
				PROVISIONING_PROFILE = "abd056bb-e815-4365-b519-4ddeef39e1e9";
				SDKROOT = iphoneos;
				TARGETED_DEVICE_FAMILY = "1,2";
				VALIDATE_PRODUCT = YES;
			};
			name = Release;
		};
		8E05E50419AD233A00CFE7CA /* Debug */ = {
			isa = XCBuildConfiguration;
			baseConfigurationReference = 7DD3B3F9C7B3723BBB854E0E /* Pods-transmissions.debug.xcconfig */;
			buildSettings = {
				ASSETCATALOG_COMPILER_APPICON_NAME = AppIcon;
				ASSETCATALOG_COMPILER_LAUNCHIMAGE_NAME = LaunchImage;
				CODE_SIGN_ENTITLEMENTS = transmissions/transmissions.entitlements;
				CODE_SIGN_IDENTITY = "iPhone Developer";
				"CODE_SIGN_IDENTITY[sdk=iphoneos*]" = "iPhone Developer";
				DEVELOPMENT_TEAM = 4C67C3U5UP;
				GCC_PRECOMPILE_PREFIX_HEADER = YES;
				GCC_PREFIX_HEADER = "transmissions/transmissions-Prefix.pch";
				INFOPLIST_FILE = "transmissions/transmissions-Info.plist";
				PRODUCT_BUNDLE_IDENTIFIER = com.aquietlife.transmissions;
				PRODUCT_NAME = transmissions;
				PROVISIONING_PROFILE = "";
				TARGETED_DEVICE_FAMILY = 1;
				WRAPPER_EXTENSION = app;
			};
			name = Debug;
		};
		8E05E50519AD233A00CFE7CA /* Release */ = {
			isa = XCBuildConfiguration;
			baseConfigurationReference = 5DBF2297D64B5C74ADD6277C /* Pods-transmissions.release.xcconfig */;
			buildSettings = {
				ASSETCATALOG_COMPILER_APPICON_NAME = AppIcon;
				ASSETCATALOG_COMPILER_LAUNCHIMAGE_NAME = LaunchImage;
				CODE_SIGN_ENTITLEMENTS = transmissions/transmissions.entitlements;
				CODE_SIGN_IDENTITY = "iPhone Developer";
				"CODE_SIGN_IDENTITY[sdk=iphoneos*]" = "iPhone Developer";
				DEVELOPMENT_TEAM = 4C67C3U5UP;
				GCC_PRECOMPILE_PREFIX_HEADER = YES;
				GCC_PREFIX_HEADER = "transmissions/transmissions-Prefix.pch";
				INFOPLIST_FILE = "transmissions/transmissions-Info.plist";
				PRODUCT_BUNDLE_IDENTIFIER = com.aquietlife.transmissions;
				PRODUCT_NAME = transmissions;
				PROVISIONING_PROFILE = "";
				TARGETED_DEVICE_FAMILY = 1;
				WRAPPER_EXTENSION = app;
			};
			name = Release;
		};
		8E05E50719AD233A00CFE7CA /* Debug */ = {
			isa = XCBuildConfiguration;
			buildSettings = {
				BUNDLE_LOADER = "$(BUILT_PRODUCTS_DIR)/transmissions.app/transmissions";
				FRAMEWORK_SEARCH_PATHS = (
					"$(SDKROOT)/Developer/Library/Frameworks",
					"$(inherited)",
					"$(DEVELOPER_FRAMEWORKS_DIR)",
				);
				GCC_PRECOMPILE_PREFIX_HEADER = YES;
				GCC_PREFIX_HEADER = "transmission-ios/transmissions-Prefix.pch";
				GCC_PREPROCESSOR_DEFINITIONS = (
					"DEBUG=1",
					"$(inherited)",
				);
				INFOPLIST_FILE = "transmission-iosTests/transmissionsTests-Info.plist";
				PRODUCT_BUNDLE_IDENTIFIER = "com.example.${PRODUCT_NAME:rfc1034identifier}";
				PRODUCT_NAME = transmissionsTests;
				TEST_HOST = "$(BUNDLE_LOADER)";
				WRAPPER_EXTENSION = xctest;
			};
			name = Debug;
		};
		8E05E50819AD233A00CFE7CA /* Release */ = {
			isa = XCBuildConfiguration;
			buildSettings = {
				BUNDLE_LOADER = "$(BUILT_PRODUCTS_DIR)/transmissions.app/transmissions";
				FRAMEWORK_SEARCH_PATHS = (
					"$(SDKROOT)/Developer/Library/Frameworks",
					"$(inherited)",
					"$(DEVELOPER_FRAMEWORKS_DIR)",
				);
				GCC_PRECOMPILE_PREFIX_HEADER = YES;
				GCC_PREFIX_HEADER = "transmission-ios/transmissions-Prefix.pch";
				INFOPLIST_FILE = "transmission-iosTests/transmissionsTests-Info.plist";
				PRODUCT_BUNDLE_IDENTIFIER = "com.example.${PRODUCT_NAME:rfc1034identifier}";
				PRODUCT_NAME = transmissionsTests;
				TEST_HOST = "$(BUNDLE_LOADER)";
				WRAPPER_EXTENSION = xctest;
			};
			name = Release;
		};
/* End XCBuildConfiguration section */

/* Begin XCConfigurationList section */
		8E05E4D219AD233A00CFE7CA /* Build configuration list for PBXProject "transmissions" */ = {
			isa = XCConfigurationList;
			buildConfigurations = (
				8E05E50119AD233A00CFE7CA /* Debug */,
				8E05E50219AD233A00CFE7CA /* Release */,
			);
			defaultConfigurationIsVisible = 0;
			defaultConfigurationName = Release;
		};
		8E05E50319AD233A00CFE7CA /* Build configuration list for PBXNativeTarget "transmissions" */ = {
			isa = XCConfigurationList;
			buildConfigurations = (
				8E05E50419AD233A00CFE7CA /* Debug */,
				8E05E50519AD233A00CFE7CA /* Release */,
			);
			defaultConfigurationIsVisible = 0;
			defaultConfigurationName = Release;
		};
		8E05E50619AD233A00CFE7CA /* Build configuration list for PBXNativeTarget "transmissionsTests" */ = {
			isa = XCConfigurationList;
			buildConfigurations = (
				8E05E50719AD233A00CFE7CA /* Debug */,
				8E05E50819AD233A00CFE7CA /* Release */,
			);
			defaultConfigurationIsVisible = 0;
			defaultConfigurationName = Release;
		};
/* End XCConfigurationList section */
	};
	rootObject = 8E05E4CF19AD233A00CFE7CA /* Project object */;
}
